
Microsoft Visual Studio Solution File, Format Version 12.00
Project("{FAE04EC0-301F-11D3-BF4B-00C04F79EFBC}") = "ShopiAPI", "ShopiAPI\ShopiAPI.csproj", "{FA0D356D-73A6-49FA-BDEC-E9A67B0104FF}"
EndProject
Project("{2150E333-8FDC-42A3-9474-1A3956D46DE8}") = "Solution Items", "Solution Items", "{9950F1C4-3342-4C27-A2BA-C9D064DE9BFC}"
	ProjectSection(SolutionItems) = preProject
		compose.yaml = compose.yaml
	EndProjectSection
EndProject
Project("{FAE04EC0-301F-11D3-BF4B-00C04F79EFBC}") = "ShopiAPI.UnitTests", "tests\ShopiAPI.UnitTests\ShopiAPI.UnitTests.csproj", "{01BE1F9C-5C33-4DB2-9B12-847ECFECC61E}"
EndProject
Global
	GlobalSection(SolutionConfigurationPlatforms) = preSolution
		Debug|Any CPU = Debug|Any CPU
		Release|Any CPU = Release|Any CPU
	EndGlobalSection
	GlobalSection(ProjectConfigurationPlatforms) = postSolution
		{FA0D356D-73A6-49FA-BDEC-E9A67B0104FF}.Debug|Any CPU.ActiveCfg = Debug|Any CPU
		{FA0D356D-73A6-49FA-BDEC-E9A67B0104FF}.Debug|Any CPU.Build.0 = Debug|Any CPU
		{FA0D356D-73A6-49FA-BDEC-E9A67B0104FF}.Release|Any CPU.ActiveCfg = Release|Any CPU
		{FA0D356D-73A6-49FA-BDEC-E9A67B0104FF}.Release|Any CPU.Build.0 = Release|Any CPU
		{01BE1F9C-5C33-4DB2-9B12-847ECFECC61E}.Debug|Any CPU.ActiveCfg = Debug|Any CPU
		{01BE1F9C-5C33-4DB2-9B12-847ECFECC61E}.Debug|Any CPU.Build.0 = Debug|Any CPU
		{01BE1F9C-5C33-4DB2-9B12-847ECFECC61E}.Release|Any CPU.ActiveCfg = Release|Any CPU
		{01BE1F9C-5C33-4DB2-9B12-847ECFECC61E}.Release|Any CPU.Build.0 = Release|Any CPU
	EndGlobalSection
EndGlobal
